// !$*UTF8*$!
{
	archiveVersion = 1;
	classes = {
	};
	objectVersion = 51;
	objects = {

/* Begin PBXBuildFile section */
		0BE4E1671441BFD5A8194ACD /* Pods_LottieTestTests.framework in Frameworks */ = {isa = PBXBuildFile; fileRef = DB8E8269B9A145D304E44CEC /* Pods_LottieTestTests.framework */; };
		176B2E6AA9EA5FB0348948C0 /* Pods_LottieTest_LottieTestUITests.framework in Frameworks */ = {isa = PBXBuildFile; fileRef = F708C2ECBD08E8BFFC4B1EC8 /* Pods_LottieTest_LottieTestUITests.framework */; };
		A32DABA624AAE1E800544213 /* NKPlayerSwitch.m in Sources */ = {isa = PBXBuildFile; fileRef = A32DABA524AAE1E800544213 /* NKPlayerSwitch.m */; };
		A395A32024A1E9850002D4DC /* AppDelegate.m in Sources */ = {isa = PBXBuildFile; fileRef = A395A31F24A1E9850002D4DC /* AppDelegate.m */; };
		A395A32324A1E9850002D4DC /* SceneDelegate.m in Sources */ = {isa = PBXBuildFile; fileRef = A395A32224A1E9850002D4DC /* SceneDelegate.m */; };
		A395A32624A1E9850002D4DC /* ViewController.m in Sources */ = {isa = PBXBuildFile; fileRef = A395A32524A1E9850002D4DC /* ViewController.m */; };
		A395A32924A1E9850002D4DC /* Main.storyboard in Resources */ = {isa = PBXBuildFile; fileRef = A395A32724A1E9850002D4DC /* Main.storyboard */; };
		A395A32B24A1E9890002D4DC /* Assets.xcassets in Resources */ = {isa = PBXBuildFile; fileRef = A395A32A24A1E9890002D4DC /* Assets.xcassets */; };
		A395A32E24A1E9890002D4DC /* LaunchScreen.storyboard in Resources */ = {isa = PBXBuildFile; fileRef = A395A32C24A1E9890002D4DC /* LaunchScreen.storyboard */; };
		A395A33124A1E9890002D4DC /* main.m in Sources */ = {isa = PBXBuildFile; fileRef = A395A33024A1E9890002D4DC /* main.m */; };
		A395A33B24A1E9890002D4DC /* LottieTestTests.m in Sources */ = {isa = PBXBuildFile; fileRef = A395A33A24A1E9890002D4DC /* LottieTestTests.m */; };
		A395A34624A1E9890002D4DC /* LottieTestUITests.m in Sources */ = {isa = PBXBuildFile; fileRef = A395A34524A1E9890002D4DC /* LottieTestUITests.m */; };
		F6F20597AA23D10BAD4D5D49 /* Pods_LottieTest.framework in Frameworks */ = {isa = PBXBuildFile; fileRef = E920A3F6920688A03BEC4CD0 /* Pods_LottieTest.framework */; };
/* End PBXBuildFile section */

/* Begin PBXContainerItemProxy section */
		A395A33724A1E9890002D4DC /* PBXContainerItemProxy */ = {
			isa = PBXContainerItemProxy;
			containerPortal = A395A31324A1E9850002D4DC /* Project object */;
			proxyType = 1;
			remoteGlobalIDString = A395A31A24A1E9850002D4DC;
			remoteInfo = LottieTest;
		};
		A395A34224A1E9890002D4DC /* PBXContainerItemProxy */ = {
			isa = PBXContainerItemProxy;
			containerPortal = A395A31324A1E9850002D4DC /* Project object */;
			proxyType = 1;
			remoteGlobalIDString = A395A31A24A1E9850002D4DC;
			remoteInfo = LottieTest;
		};
/* End PBXContainerItemProxy section */

/* Begin PBXFileReference section */
		0DD5A5CFD621C2392529CBB8 /* Pods-LottieTest-LottieTestUITests.release.xcconfig */ = {isa = PBXFileReference; includeInIndex = 1; lastKnownFileType = text.xcconfig; name = "Pods-LottieTest-LottieTestUITests.release.xcconfig"; path = "Target Support Files/Pods-LottieTest-LottieTestUITests/Pods-LottieTest-LottieTestUITests.release.xcconfig"; sourceTree = "<group>"; };
		11F0019C9BD6278522704391 /* Pods-LottieTest-LottieTestUITests.debug.xcconfig */ = {isa = PBXFileReference; includeInIndex = 1; lastKnownFileType = text.xcconfig; name = "Pods-LottieTest-LottieTestUITests.debug.xcconfig"; path = "Target Support Files/Pods-LottieTest-LottieTestUITests/Pods-LottieTest-LottieTestUITests.debug.xcconfig"; sourceTree = "<group>"; };
		52AD24BEA1DEF37410330F4E /* Pods-LottieTestTests.debug.xcconfig */ = {isa = PBXFileReference; includeInIndex = 1; lastKnownFileType = text.xcconfig; name = "Pods-LottieTestTests.debug.xcconfig"; path = "Target Support Files/Pods-LottieTestTests/Pods-LottieTestTests.debug.xcconfig"; sourceTree = "<group>"; };
		A32DABA424AAE1E200544213 /* NKPlayerSwitch.h */ = {isa = PBXFileReference; fileEncoding = 4; lastKnownFileType = sourcecode.c.h; path = NKPlayerSwitch.h; sourceTree = "<group>"; };
		A32DABA524AAE1E800544213 /* NKPlayerSwitch.m */ = {isa = PBXFileReference; fileEncoding = 4; lastKnownFileType = sourcecode.c.objc; path = NKPlayerSwitch.m; sourceTree = "<group>"; };
		A395A31B24A1E9850002D4DC /* LottieTest.app */ = {isa = PBXFileReference; explicitFileType = wrapper.application; includeInIndex = 0; path = LottieTest.app; sourceTree = BUILT_PRODUCTS_DIR; };
		A395A31E24A1E9850002D4DC /* AppDelegate.h */ = {isa = PBXFileReference; lastKnownFileType = sourcecode.c.h; path = AppDelegate.h; sourceTree = "<group>"; };
		A395A31F24A1E9850002D4DC /* AppDelegate.m */ = {isa = PBXFileReference; lastKnownFileType = sourcecode.c.objc; path = AppDelegate.m; sourceTree = "<group>"; };
		A395A32124A1E9850002D4DC /* SceneDelegate.h */ = {isa = PBXFileReference; lastKnownFileType = sourcecode.c.h; path = SceneDelegate.h; sourceTree = "<group>"; };
		A395A32224A1E9850002D4DC /* SceneDelegate.m */ = {isa = PBXFileReference; lastKnownFileType = sourcecode.c.objc; path = SceneDelegate.m; sourceTree = "<group>"; };
		A395A32424A1E9850002D4DC /* ViewController.h */ = {isa = PBXFileReference; lastKnownFileType = sourcecode.c.h; path = ViewController.h; sourceTree = "<group>"; };
		A395A32524A1E9850002D4DC /* ViewController.m */ = {isa = PBXFileReference; lastKnownFileType = sourcecode.c.objc; path = ViewController.m; sourceTree = "<group>"; };
		A395A32824A1E9850002D4DC /* Base */ = {isa = PBXFileReference; lastKnownFileType = file.storyboard; name = Base; path = Base.lproj/Main.storyboard; sourceTree = "<group>"; };
		A395A32A24A1E9890002D4DC /* Assets.xcassets */ = {isa = PBXFileReference; lastKnownFileType = folder.assetcatalog; path = Assets.xcassets; sourceTree = "<group>"; };
		A395A32D24A1E9890002D4DC /* Base */ = {isa = PBXFileReference; lastKnownFileType = file.storyboard; name = Base; path = Base.lproj/LaunchScreen.storyboard; sourceTree = "<group>"; };
		A395A32F24A1E9890002D4DC /* Info.plist */ = {isa = PBXFileReference; lastKnownFileType = text.plist.xml; path = Info.plist; sourceTree = "<group>"; };
		A395A33024A1E9890002D4DC /* main.m */ = {isa = PBXFileReference; lastKnownFileType = sourcecode.c.objc; path = main.m; sourceTree = "<group>"; };
		A395A33624A1E9890002D4DC /* LottieTestTests.xctest */ = {isa = PBXFileReference; explicitFileType = wrapper.cfbundle; includeInIndex = 0; path = LottieTestTests.xctest; sourceTree = BUILT_PRODUCTS_DIR; };
		A395A33A24A1E9890002D4DC /* LottieTestTests.m */ = {isa = PBXFileReference; lastKnownFileType = sourcecode.c.objc; path = LottieTestTests.m; sourceTree = "<group>"; };
		A395A33C24A1E9890002D4DC /* Info.plist */ = {isa = PBXFileReference; lastKnownFileType = text.plist.xml; path = Info.plist; sourceTree = "<group>"; };
		A395A34124A1E9890002D4DC /* LottieTestUITests.xctest */ = {isa = PBXFileReference; explicitFileType = wrapper.cfbundle; includeInIndex = 0; path = LottieTestUITests.xctest; sourceTree = BUILT_PRODUCTS_DIR; };
		A395A34524A1E9890002D4DC /* LottieTestUITests.m */ = {isa = PBXFileReference; lastKnownFileType = sourcecode.c.objc; path = LottieTestUITests.m; sourceTree = "<group>"; };
		A395A34724A1E9890002D4DC /* Info.plist */ = {isa = PBXFileReference; lastKnownFileType = text.plist.xml; path = Info.plist; sourceTree = "<group>"; };
		B034EC8560221AE7074B39FE /* Pods-LottieTestTests.release.xcconfig */ = {isa = PBXFileReference; includeInIndex = 1; lastKnownFileType = text.xcconfig; name = "Pods-LottieTestTests.release.xcconfig"; path = "Target Support Files/Pods-LottieTestTests/Pods-LottieTestTests.release.xcconfig"; sourceTree = "<group>"; };
		B0361FD7D5BF2F53CDF1DD70 /* Pods-LottieTest.debug.xcconfig */ = {isa = PBXFileReference; includeInIndex = 1; lastKnownFileType = text.xcconfig; name = "Pods-LottieTest.debug.xcconfig"; path = "Target Support Files/Pods-LottieTest/Pods-LottieTest.debug.xcconfig"; sourceTree = "<group>"; };
		DB8E8269B9A145D304E44CEC /* Pods_LottieTestTests.framework */ = {isa = PBXFileReference; explicitFileType = wrapper.framework; includeInIndex = 0; path = Pods_LottieTestTests.framework; sourceTree = BUILT_PRODUCTS_DIR; };
		E920A3F6920688A03BEC4CD0 /* Pods_LottieTest.framework */ = {isa = PBXFileReference; explicitFileType = wrapper.framework; includeInIndex = 0; path = Pods_LottieTest.framework; sourceTree = BUILT_PRODUCTS_DIR; };
		F708C2ECBD08E8BFFC4B1EC8 /* Pods_LottieTest_LottieTestUITests.framework */ = {isa = PBXFileReference; explicitFileType = wrapper.framework; includeInIndex = 0; path = Pods_LottieTest_LottieTestUITests.framework; sourceTree = BUILT_PRODUCTS_DIR; };
		FE8402DD64DFD70AAC754FEE /* Pods-LottieTest.release.xcconfig */ = {isa = PBXFileReference; includeInIndex = 1; lastKnownFileType = text.xcconfig; name = "Pods-LottieTest.release.xcconfig"; path = "Target Support Files/Pods-LottieTest/Pods-LottieTest.release.xcconfig"; sourceTree = "<group>"; };
/* End PBXFileReference section */

/* Begin PBXFrameworksBuildPhase section */
		A395A31824A1E9850002D4DC /* Frameworks */ = {
			isa = PBXFrameworksBuildPhase;
			buildActionMask = 2147483647;
			files = (
				F6F20597AA23D10BAD4D5D49 /* Pods_LottieTest.framework in Frameworks */,
			);
			runOnlyForDeploymentPostprocessing = 0;
		};
		A395A33324A1E9890002D4DC /* Frameworks */ = {
			isa = PBXFrameworksBuildPhase;
			buildActionMask = 2147483647;
			files = (
				0BE4E1671441BFD5A8194ACD /* Pods_LottieTestTests.framework in Frameworks */,
			);
			runOnlyForDeploymentPostprocessing = 0;
		};
		A395A33E24A1E9890002D4DC /* Frameworks */ = {
			isa = PBXFrameworksBuildPhase;
			buildActionMask = 2147483647;
			files = (
				176B2E6AA9EA5FB0348948C0 /* Pods_LottieTest_LottieTestUITests.framework in Frameworks */,
			);
			runOnlyForDeploymentPostprocessing = 0;
		};
/* End PBXFrameworksBuildPhase section */

/* Begin PBXGroup section */
		28C850E78D145503D8056862 /* Frameworks */ = {
			isa = PBXGroup;
			children = (
				E920A3F6920688A03BEC4CD0 /* Pods_LottieTest.framework */,
				F708C2ECBD08E8BFFC4B1EC8 /* Pods_LottieTest_LottieTestUITests.framework */,
				DB8E8269B9A145D304E44CEC /* Pods_LottieTestTests.framework */,
			);
			name = Frameworks;
			sourceTree = "<group>";
		};
		54C79F4E3515CE107BD9854E /* Pods */ = {
			isa = PBXGroup;
			children = (
				B0361FD7D5BF2F53CDF1DD70 /* Pods-LottieTest.debug.xcconfig */,
				FE8402DD64DFD70AAC754FEE /* Pods-LottieTest.release.xcconfig */,
				11F0019C9BD6278522704391 /* Pods-LottieTest-LottieTestUITests.debug.xcconfig */,
				0DD5A5CFD621C2392529CBB8 /* Pods-LottieTest-LottieTestUITests.release.xcconfig */,
				52AD24BEA1DEF37410330F4E /* Pods-LottieTestTests.debug.xcconfig */,
				B034EC8560221AE7074B39FE /* Pods-LottieTestTests.release.xcconfig */,
			);
			path = Pods;
			sourceTree = "<group>";
		};
		A395A31224A1E9850002D4DC = {
			isa = PBXGroup;
			children = (
				A395A31D24A1E9850002D4DC /* LottieTest */,
				A395A33924A1E9890002D4DC /* LottieTestTests */,
				A395A34424A1E9890002D4DC /* LottieTestUITests */,
				A395A31C24A1E9850002D4DC /* Products */,
				54C79F4E3515CE107BD9854E /* Pods */,
				28C850E78D145503D8056862 /* Frameworks */,
			);
			sourceTree = "<group>";
		};
		A395A31C24A1E9850002D4DC /* Products */ = {
			isa = PBXGroup;
			children = (
				A395A31B24A1E9850002D4DC /* LottieTest.app */,
				A395A33624A1E9890002D4DC /* LottieTestTests.xctest */,
				A395A34124A1E9890002D4DC /* LottieTestUITests.xctest */,
			);
			name = Products;
			sourceTree = "<group>";
		};
		A395A31D24A1E9850002D4DC /* LottieTest */ = {
			isa = PBXGroup;
			children = (
				A395A31E24A1E9850002D4DC /* AppDelegate.h */,
				A395A31F24A1E9850002D4DC /* AppDelegate.m */,
				A395A32124A1E9850002D4DC /* SceneDelegate.h */,
				A395A32224A1E9850002D4DC /* SceneDelegate.m */,
				A395A32424A1E9850002D4DC /* ViewController.h */,
				A395A32524A1E9850002D4DC /* ViewController.m */,
				A32DABA424AAE1E200544213 /* NKPlayerSwitch.h */,
				A32DABA524AAE1E800544213 /* NKPlayerSwitch.m */,
				A395A32724A1E9850002D4DC /* Main.storyboard */,
				A395A32A24A1E9890002D4DC /* Assets.xcassets */,
				A395A32C24A1E9890002D4DC /* LaunchScreen.storyboard */,
				A395A32F24A1E9890002D4DC /* Info.plist */,
				A395A33024A1E9890002D4DC /* main.m */,
			);
			path = LottieTest;
			sourceTree = "<group>";
		};
		A395A33924A1E9890002D4DC /* LottieTestTests */ = {
			isa = PBXGroup;
			children = (
				A395A33A24A1E9890002D4DC /* LottieTestTests.m */,
				A395A33C24A1E9890002D4DC /* Info.plist */,
			);
			path = LottieTestTests;
			sourceTree = "<group>";
		};
		A395A34424A1E9890002D4DC /* LottieTestUITests */ = {
			isa = PBXGroup;
			children = (
				A395A34524A1E9890002D4DC /* LottieTestUITests.m */,
				A395A34724A1E9890002D4DC /* Info.plist */,
			);
			path = LottieTestUITests;
			sourceTree = "<group>";
		};
/* End PBXGroup section */

/* Begin PBXNativeTarget section */
		A395A31A24A1E9850002D4DC /* LottieTest */ = {
			isa = PBXNativeTarget;
			buildConfigurationList = A395A34A24A1E9890002D4DC /* Build configuration list for PBXNativeTarget "LottieTest" */;
			buildPhases = (
				B9C1DB32FD3D3DDC83812072 /* [CP] Check Pods Manifest.lock */,
				A395A31724A1E9850002D4DC /* Sources */,
				A395A31824A1E9850002D4DC /* Frameworks */,
				A395A31924A1E9850002D4DC /* Resources */,
				A75FF0FE708656BC394E3242 /* [CP] Embed Pods Frameworks */,
			);
			buildRules = (
			);
			dependencies = (
			);
			name = LottieTest;
			productName = LottieTest;
			productReference = A395A31B24A1E9850002D4DC /* LottieTest.app */;
			productType = "com.apple.product-type.application";
		};
		A395A33524A1E9890002D4DC /* LottieTestTests */ = {
			isa = PBXNativeTarget;
			buildConfigurationList = A395A34D24A1E9890002D4DC /* Build configuration list for PBXNativeTarget "LottieTestTests" */;
			buildPhases = (
				3D9F1505D3F13B2D5743FEA3 /* [CP] Check Pods Manifest.lock */,
				A395A33224A1E9890002D4DC /* Sources */,
				A395A33324A1E9890002D4DC /* Frameworks */,
				A395A33424A1E9890002D4DC /* Resources */,
			);
			buildRules = (
			);
			dependencies = (
				A395A33824A1E9890002D4DC /* PBXTargetDependency */,
			);
			name = LottieTestTests;
			productName = LottieTestTests;
			productReference = A395A33624A1E9890002D4DC /* LottieTestTests.xctest */;
			productType = "com.apple.product-type.bundle.unit-test";
		};
		A395A34024A1E9890002D4DC /* LottieTestUITests */ = {
			isa = PBXNativeTarget;
			buildConfigurationList = A395A35024A1E9890002D4DC /* Build configuration list for PBXNativeTarget "LottieTestUITests" */;
			buildPhases = (
				7D0C16E08F785C4AE4DA7646 /* [CP] Check Pods Manifest.lock */,
				A395A33D24A1E9890002D4DC /* Sources */,
				A395A33E24A1E9890002D4DC /* Frameworks */,
				A395A33F24A1E9890002D4DC /* Resources */,
				56B56DB8F1DD9EC6FCB9AA51 /* [CP] Embed Pods Frameworks */,
			);
			buildRules = (
			);
			dependencies = (
				A395A34324A1E9890002D4DC /* PBXTargetDependency */,
			);
			name = LottieTestUITests;
			productName = LottieTestUITests;
			productReference = A395A34124A1E9890002D4DC /* LottieTestUITests.xctest */;
			productType = "com.apple.product-type.bundle.ui-testing";
		};
/* End PBXNativeTarget section */

/* Begin PBXProject section */
		A395A31324A1E9850002D4DC /* Project object */ = {
			isa = PBXProject;
			attributes = {
				LastUpgradeCheck = 1150;
				ORGANIZATIONNAME = "张雨帆";
				TargetAttributes = {
					A395A31A24A1E9850002D4DC = {
						CreatedOnToolsVersion = 11.5;
					};
					A395A33524A1E9890002D4DC = {
						CreatedOnToolsVersion = 11.5;
						TestTargetID = A395A31A24A1E9850002D4DC;
					};
					A395A34024A1E9890002D4DC = {
						CreatedOnToolsVersion = 11.5;
						TestTargetID = A395A31A24A1E9850002D4DC;
					};
				};
			};
			buildConfigurationList = A395A31624A1E9850002D4DC /* Build configuration list for PBXProject "LottieTest" */;
			compatibilityVersion = "Xcode 9.3";
			developmentRegion = en;
			hasScannedForEncodings = 0;
			knownRegions = (
				en,
				Base,
			);
			mainGroup = A395A31224A1E9850002D4DC;
			productRefGroup = A395A31C24A1E9850002D4DC /* Products */;
			projectDirPath = "";
			projectRoot = "";
			targets = (
				A395A31A24A1E9850002D4DC /* LottieTest */,
				A395A33524A1E9890002D4DC /* LottieTestTests */,
				A395A34024A1E9890002D4DC /* LottieTestUITests */,
			);
		};
/* End PBXProject section */

/* Begin PBXResourcesBuildPhase section */
		A395A31924A1E9850002D4DC /* Resources */ = {
			isa = PBXResourcesBuildPhase;
			buildActionMask = 2147483647;
			files = (
				A395A32E24A1E9890002D4DC /* LaunchScreen.storyboard in Resources */,
				A395A32B24A1E9890002D4DC /* Assets.xcassets in Resources */,
				A395A32924A1E9850002D4DC /* Main.storyboard in Resources */,
			);
			runOnlyForDeploymentPostprocessing = 0;
		};
		A395A33424A1E9890002D4DC /* Resources */ = {
			isa = PBXResourcesBuildPhase;
			buildActionMask = 2147483647;
			files = (
			);
			runOnlyForDeploymentPostprocessing = 0;
		};
		A395A33F24A1E9890002D4DC /* Resources */ = {
			isa = PBXResourcesBuildPhase;
			buildActionMask = 2147483647;
			files = (
			);
			runOnlyForDeploymentPostprocessing = 0;
		};
/* End PBXResourcesBuildPhase section */

/* Begin PBXShellScriptBuildPhase section */
		3D9F1505D3F13B2D5743FEA3 /* [CP] Check Pods Manifest.lock */ = {
			isa = PBXShellScriptBuildPhase;
			buildActionMask = 2147483647;
			files = (
			);
			inputFileListPaths = (
			);
			inputPaths = (
				"${PODS_PODFILE_DIR_PATH}/Podfile.lock",
				"${PODS_ROOT}/Manifest.lock",
			);
			name = "[CP] Check Pods Manifest.lock";
			outputFileListPaths = (
			);
			outputPaths = (
				"$(DERIVED_FILE_DIR)/Pods-LottieTestTests-checkManifestLockResult.txt",
			);
			runOnlyForDeploymentPostprocessing = 0;
			shellPath = /bin/sh;
			shellScript = "diff \"${PODS_PODFILE_DIR_PATH}/Podfile.lock\" \"${PODS_ROOT}/Manifest.lock\" > /dev/null\nif [ $? != 0 ] ; then\n    # print error to STDERR\n    echo \"error: The sandbox is not in sync with the Podfile.lock. Run 'pod install' or update your CocoaPods installation.\" >&2\n    exit 1\nfi\n# This output is used by Xcode 'outputs' to avoid re-running this script phase.\necho \"SUCCESS\" > \"${SCRIPT_OUTPUT_FILE_0}\"\n";
			showEnvVarsInLog = 0;
		};
		56B56DB8F1DD9EC6FCB9AA51 /* [CP] Embed Pods Frameworks */ = {
			isa = PBXShellScriptBuildPhase;
			buildActionMask = 2147483647;
			files = (
			);
			inputFileListPaths = (
				"${PODS_ROOT}/Target Support Files/Pods-LottieTest-LottieTestUITests/Pods-LottieTest-LottieTestUITests-frameworks-${CONFIGURATION}-input-files.xcfilelist",
			);
			name = "[CP] Embed Pods Frameworks";
			outputFileListPaths = (
				"${PODS_ROOT}/Target Support Files/Pods-LottieTest-LottieTestUITests/Pods-LottieTest-LottieTestUITests-frameworks-${CONFIGURATION}-output-files.xcfilelist",
			);
			runOnlyForDeploymentPostprocessing = 0;
			shellPath = /bin/sh;
			shellScript = "\"${PODS_ROOT}/Target Support Files/Pods-LottieTest-LottieTestUITests/Pods-LottieTest-LottieTestUITests-frameworks.sh\"\n";
			showEnvVarsInLog = 0;
		};
		7D0C16E08F785C4AE4DA7646 /* [CP] Check Pods Manifest.lock */ = {
			isa = PBXShellScriptBuildPhase;
			buildActionMask = 2147483647;
			files = (
			);
			inputFileListPaths = (
			);
			inputPaths = (
				"${PODS_PODFILE_DIR_PATH}/Podfile.lock",
				"${PODS_ROOT}/Manifest.lock",
			);
			name = "[CP] Check Pods Manifest.lock";
			outputFileListPaths = (
			);
			outputPaths = (
				"$(DERIVED_FILE_DIR)/Pods-LottieTest-LottieTestUITests-checkManifestLockResult.txt",
			);
			runOnlyForDeploymentPostprocessing = 0;
			shellPath = /bin/sh;
			shellScript = "diff \"${PODS_PODFILE_DIR_PATH}/Podfile.lock\" \"${PODS_ROOT}/Manifest.lock\" > /dev/null\nif [ $? != 0 ] ; then\n    # print error to STDERR\n    echo \"error: The sandbox is not in sync with the Podfile.lock. Run 'pod install' or update your CocoaPods installation.\" >&2\n    exit 1\nfi\n# This output is used by Xcode 'outputs' to avoid re-running this script phase.\necho \"SUCCESS\" > \"${SCRIPT_OUTPUT_FILE_0}\"\n";
			showEnvVarsInLog = 0;
		};
		A75FF0FE708656BC394E3242 /* [CP] Embed Pods Frameworks */ = {
			isa = PBXShellScriptBuildPhase;
			buildActionMask = 2147483647;
			files = (
			);
			inputFileListPaths = (
				"${PODS_ROOT}/Target Support Files/Pods-LottieTest/Pods-LottieTest-frameworks-${CONFIGURATION}-input-files.xcfilelist",
			);
			name = "[CP] Embed Pods Frameworks";
			outputFileListPaths = (
				"${PODS_ROOT}/Target Support Files/Pods-LottieTest/Pods-LottieTest-frameworks-${CONFIGURATION}-output-files.xcfilelist",
			);
			runOnlyForDeploymentPostprocessing = 0;
			shellPath = /bin/sh;
			shellScript = "\"${PODS_ROOT}/Target Support Files/Pods-LottieTest/Pods-LottieTest-frameworks.sh\"\n";
			showEnvVarsInLog = 0;
		};
		B9C1DB32FD3D3DDC83812072 /* [CP] Check Pods Manifest.lock */ = {
			isa = PBXShellScriptBuildPhase;
			buildActionMask = 2147483647;
			files = (
			);
			inputFileListPaths = (
			);
			inputPaths = (
				"${PODS_PODFILE_DIR_PATH}/Podfile.lock",
				"${PODS_ROOT}/Manifest.lock",
			);
			name = "[CP] Check Pods Manifest.lock";
			outputFileListPaths = (
			);
			outputPaths = (
				"$(DERIVED_FILE_DIR)/Pods-LottieTest-checkManifestLockResult.txt",
			);
			runOnlyForDeploymentPostprocessing = 0;
			shellPath = /bin/sh;
			shellScript = "diff \"${PODS_PODFILE_DIR_PATH}/Podfile.lock\" \"${PODS_ROOT}/Manifest.lock\" > /dev/null\nif [ $? != 0 ] ; then\n    # print error to STDERR\n    echo \"error: The sandbox is not in sync with the Podfile.lock. Run 'pod install' or update your CocoaPods installation.\" >&2\n    exit 1\nfi\n# This output is used by Xcode 'outputs' to avoid re-running this script phase.\necho \"SUCCESS\" > \"${SCRIPT_OUTPUT_FILE_0}\"\n";
			showEnvVarsInLog = 0;
		};
/* End PBXShellScriptBuildPhase section */

/* Begin PBXSourcesBuildPhase section */
		A395A31724A1E9850002D4DC /* Sources */ = {
			isa = PBXSourcesBuildPhase;
			buildActionMask = 2147483647;
			files = (
				A32DABA624AAE1E800544213 /* NKPlayerSwitch.m in Sources */,
				A395A32624A1E9850002D4DC /* ViewController.m in Sources */,
				A395A32024A1E9850002D4DC /* AppDelegate.m in Sources */,
				A395A33124A1E9890002D4DC /* main.m in Sources */,
				A395A32324A1E9850002D4DC /* SceneDelegate.m in Sources */,
			);
			runOnlyForDeploymentPostprocessing = 0;
		};
		A395A33224A1E9890002D4DC /* Sources */ = {
			isa = PBXSourcesBuildPhase;
			buildActionMask = 2147483647;
			files = (
				A395A33B24A1E9890002D4DC /* LottieTestTests.m in Sources */,
			);
			runOnlyForDeploymentPostprocessing = 0;
		};
		A395A33D24A1E9890002D4DC /* Sources */ = {
			isa = PBXSourcesBuildPhase;
			buildActionMask = 2147483647;
			files = (
				A395A34624A1E9890002D4DC /* LottieTestUITests.m in Sources */,
			);
			runOnlyForDeploymentPostprocessing = 0;
		};
/* End PBXSourcesBuildPhase section */

/* Begin PBXTargetDependency section */
		A395A33824A1E9890002D4DC /* PBXTargetDependency */ = {
			isa = PBXTargetDependency;
			target = A395A31A24A1E9850002D4DC /* LottieTest */;
			targetProxy = A395A33724A1E9890002D4DC /* PBXContainerItemProxy */;
		};
		A395A34324A1E9890002D4DC /* PBXTargetDependency */ = {
			isa = PBXTargetDependency;
			target = A395A31A24A1E9850002D4DC /* LottieTest */;
			targetProxy = A395A34224A1E9890002D4DC /* PBXContainerItemProxy */;
		};
/* End PBXTargetDependency section */

/* Begin PBXVariantGroup section */
		A395A32724A1E9850002D4DC /* Main.storyboard */ = {
			isa = PBXVariantGroup;
			children = (
				A395A32824A1E9850002D4DC /* Base */,
			);
			name = Main.storyboard;
			sourceTree = "<group>";
		};
		A395A32C24A1E9890002D4DC /* LaunchScreen.storyboard */ = {
			isa = PBXVariantGroup;
			children = (
				A395A32D24A1E9890002D4DC /* Base */,
			);
			name = LaunchScreen.storyboard;
			sourceTree = "<group>";
		};
/* End PBXVariantGroup section */

/* Begin XCBuildConfiguration section */
		A395A34824A1E9890002D4DC /* Debug */ = {
			isa = XCBuildConfiguration;
			buildSettings = {
				ALWAYS_SEARCH_USER_PATHS = NO;
				CLANG_ANALYZER_NONNULL = YES;
				CLANG_ANALYZER_NUMBER_OBJECT_CONVERSION = YES_AGGRESSIVE;
				CLANG_CXX_LANGUAGE_STANDARD = "gnu++14";
				CLANG_CXX_LIBRARY = "libc++";
				CLANG_ENABLE_MODULES = YES;
				CLANG_ENABLE_OBJC_ARC = YES;
				CLANG_ENABLE_OBJC_WEAK = YES;
				CLANG_WARN_BLOCK_CAPTURE_AUTORELEASING = YES;
				CLANG_WARN_BOOL_CONVERSION = YES;
				CLANG_WARN_COMMA = YES;
				CLANG_WARN_CONSTANT_CONVERSION = YES;
				CLANG_WARN_DEPRECATED_OBJC_IMPLEMENTATIONS = YES;
				CLANG_WARN_DIRECT_OBJC_ISA_USAGE = YES_ERROR;
				CLANG_WARN_DOCUMENTATION_COMMENTS = YES;
				CLANG_WARN_EMPTY_BODY = YES;
				CLANG_WARN_ENUM_CONVERSION = YES;
				CLANG_WARN_INFINITE_RECURSION = YES;
				CLANG_WARN_INT_CONVERSION = YES;
				CLANG_WARN_NON_LITERAL_NULL_CONVERSION = YES;
				CLANG_WARN_OBJC_IMPLICIT_RETAIN_SELF = YES;
				CLANG_WARN_OBJC_LITERAL_CONVERSION = YES;
				CLANG_WARN_OBJC_ROOT_CLASS = YES_ERROR;
				CLANG_WARN_RANGE_LOOP_ANALYSIS = YES;
				CLANG_WARN_STRICT_PROTOTYPES = YES;
				CLANG_WARN_SUSPICIOUS_MOVE = YES;
				CLANG_WARN_UNGUARDED_AVAILABILITY = YES_AGGRESSIVE;
				CLANG_WARN_UNREACHABLE_CODE = YES;
				CLANG_WARN__DUPLICATE_METHOD_MATCH = YES;
				COPY_PHASE_STRIP = NO;
				DEBUG_INFORMATION_FORMAT = dwarf;
				ENABLE_STRICT_OBJC_MSGSEND = YES;
				ENABLE_TESTABILITY = YES;
				GCC_C_LANGUAGE_STANDARD = gnu11;
				GCC_DYNAMIC_NO_PIC = NO;
				GCC_NO_COMMON_BLOCKS = YES;
				GCC_OPTIMIZATION_LEVEL = 0;
				GCC_PREPROCESSOR_DEFINITIONS = (
					"DEBUG=1",
					"$(inherited)",
				);
				GCC_WARN_64_TO_32_BIT_CONVERSION = YES;
				GCC_WARN_ABOUT_RETURN_TYPE = YES_ERROR;
				GCC_WARN_UNDECLARED_SELECTOR = YES;
				GCC_WARN_UNINITIALIZED_AUTOS = YES_AGGRESSIVE;
				GCC_WARN_UNUSED_FUNCTION = YES;
				GCC_WARN_UNUSED_VARIABLE = YES;
				IPHONEOS_DEPLOYMENT_TARGET = 13.5;
				MTL_ENABLE_DEBUG_INFO = INCLUDE_SOURCE;
				MTL_FAST_MATH = YES;
				ONLY_ACTIVE_ARCH = YES;
				SDKROOT = iphoneos;
			};
			name = Debug;
		};
		A395A34924A1E9890002D4DC /* Release */ = {
			isa = XCBuildConfiguration;
			buildSettings = {
				ALWAYS_SEARCH_USER_PATHS = NO;
				CLANG_ANALYZER_NONNULL = YES;
				CLANG_ANALYZER_NUMBER_OBJECT_CONVERSION = YES_AGGRESSIVE;
				CLANG_CXX_LANGUAGE_STANDARD = "gnu++14";
				CLANG_CXX_LIBRARY = "libc++";
				CLANG_ENABLE_MODULES = YES;
				CLANG_ENABLE_OBJC_ARC = YES;
				CLANG_ENABLE_OBJC_WEAK = YES;
				CLANG_WARN_BLOCK_CAPTURE_AUTORELEASING = YES;
				CLANG_WARN_BOOL_CONVERSION = YES;
				CLANG_WARN_COMMA = YES;
				CLANG_WARN_CONSTANT_CONVERSION = YES;
				CLANG_WARN_DEPRECATED_OBJC_IMPLEMENTATIONS = YES;
				CLANG_WARN_DIRECT_OBJC_ISA_USAGE = YES_ERROR;
				CLANG_WARN_DOCUMENTATION_COMMENTS = YES;
				CLANG_WARN_EMPTY_BODY = YES;
				CLANG_WARN_ENUM_CONVERSION = YES;
				CLANG_WARN_INFINITE_RECURSION = YES;
				CLANG_WARN_INT_CONVERSION = YES;
				CLANG_WARN_NON_LITERAL_NULL_CONVERSION = YES;
				CLANG_WARN_OBJC_IMPLICIT_RETAIN_SELF = YES;
				CLANG_WARN_OBJC_LITERAL_CONVERSION = YES;
				CLANG_WARN_OBJC_ROOT_CLASS = YES_ERROR;
				CLANG_WARN_RANGE_LOOP_ANALYSIS = YES;
				CLANG_WARN_STRICT_PROTOTYPES = YES;
				CLANG_WARN_SUSPICIOUS_MOVE = YES;
				CLANG_WARN_UNGUARDED_AVAILABILITY = YES_AGGRESSIVE;
				CLANG_WARN_UNREACHABLE_CODE = YES;
				CLANG_WARN__DUPLICATE_METHOD_MATCH = YES;
				COPY_PHASE_STRIP = NO;
				DEBUG_INFORMATION_FORMAT = "dwarf-with-dsym";
				ENABLE_NS_ASSERTIONS = NO;
				ENABLE_STRICT_OBJC_MSGSEND = YES;
				GCC_C_LANGUAGE_STANDARD = gnu11;
				GCC_NO_COMMON_BLOCKS = YES;
				GCC_WARN_64_TO_32_BIT_CONVERSION = YES;
				GCC_WARN_ABOUT_RETURN_TYPE = YES_ERROR;
				GCC_WARN_UNDECLARED_SELECTOR = YES;
				GCC_WARN_UNINITIALIZED_AUTOS = YES_AGGRESSIVE;
				GCC_WARN_UNUSED_FUNCTION = YES;
				GCC_WARN_UNUSED_VARIABLE = YES;
				IPHONEOS_DEPLOYMENT_TARGET = 13.5;
				MTL_ENABLE_DEBUG_INFO = NO;
				MTL_FAST_MATH = YES;
				SDKROOT = iphoneos;
				VALIDATE_PRODUCT = YES;
			};
			name = Release;
		};
		A395A34B24A1E9890002D4DC /* Debug */ = {
			isa = XCBuildConfiguration;
			baseConfigurationReference = B0361FD7D5BF2F53CDF1DD70 /* Pods-LottieTest.debug.xcconfig */;
			buildSettings = {
				ASSETCATALOG_COMPILER_APPICON_NAME = AppIcon;
				CODE_SIGN_STYLE = Automatic;
				DEVELOPMENT_TEAM = 7ZQS9U8N6M;
				INFOPLIST_FILE = LottieTest/Info.plist;
				LD_RUNPATH_SEARCH_PATHS = (
					"$(inherited)",
					"@executable_path/Frameworks",
				);
				PRODUCT_BUNDLE_IDENTIFIER = "Ben-s-iOS.LottieTest";
				PRODUCT_NAME = "$(TARGET_NAME)";
				TARGETED_DEVICE_FAMILY = "1,2";
			};
			name = Debug;
		};
		A395A34C24A1E9890002D4DC /* Release */ = {
			isa = XCBuildConfiguration;
			baseConfigurationReference = FE8402DD64DFD70AAC754FEE /* Pods-LottieTest.release.xcconfig */;
			buildSettings = {
				ASSETCATALOG_COMPILER_APPICON_NAME = AppIcon;
				CODE_SIGN_STYLE = Automatic;
				DEVELOPMENT_TEAM = 7ZQS9U8N6M;
				INFOPLIST_FILE = LottieTest/Info.plist;
				LD_RUNPATH_SEARCH_PATHS = (
					"$(inherited)",
					"@executable_path/Frameworks",
				);
				PRODUCT_BUNDLE_IDENTIFIER = "Ben-s-iOS.LottieTest";
				PRODUCT_NAME = "$(TARGET_NAME)";
				TARGETED_DEVICE_FAMILY = "1,2";
			};
			name = Release;
		};
		A395A34E24A1E9890002D4DC /* Debug */ = {
			isa = XCBuildConfiguration;
			baseConfigurationReference = 52AD24BEA1DEF37410330F4E /* Pods-LottieTestTests.debug.xcconfig */;
			buildSettings = {
				BUNDLE_LOADER = "$(TEST_HOST)";
				CODE_SIGN_STYLE = Automatic;
				DEVELOPMENT_TEAM = 7ZQS9U8N6M;
				INFOPLIST_FILE = LottieTestTests/Info.plist;
				IPHONEOS_DEPLOYMENT_TARGET = 13.5;
				LD_RUNPATH_SEARCH_PATHS = (
					"$(inherited)",
					"@executable_path/Frameworks",
					"@loader_path/Frameworks",
				);
				PRODUCT_BUNDLE_IDENTIFIER = "Ben-s-iOS.LottieTestTests";
				PRODUCT_NAME = "$(TARGET_NAME)";
				TARGETED_DEVICE_FAMILY = "1,2";
				TEST_HOST = "$(BUILT_PRODUCTS_DIR)/LottieTest.app/LottieTest";
			};
			name = Debug;
		};
		A395A34F24A1E9890002D4DC /* Release */ = {
			isa = XCBuildConfiguration;
			baseConfigurationReference = B034EC8560221AE7074B39FE /* Pods-LottieTestTests.release.xcconfig */;
			buildSettings = {
				BUNDLE_LOADER = "$(TEST_HOST)";
				CODE_SIGN_STYLE = Automatic;
				DEVELOPMENT_TEAM = 7ZQS9U8N6M;
				INFOPLIST_FILE = LottieTestTests/Info.plist;
				IPHONEOS_DEPLOYMENT_TARGET = 13.5;
				LD_RUNPATH_SEARCH_PATHS = (
					"$(inherited)",
					"@executable_path/Frameworks",
					"@loader_path/Frameworks",
				);
				PRODUCT_BUNDLE_IDENTIFIER = "Ben-s-iOS.LottieTestTests";
				PRODUCT_NAME = "$(TARGET_NAME)";
				TARGETED_DEVICE_FAMILY = "1,2";
				TEST_HOST = "$(BUILT_PRODUCTS_DIR)/LottieTest.app/LottieTest";
			};
			name = Release;
		};
		A395A35124A1E9890002D4DC /* Debug */ = {
			isa = XCBuildConfiguration;
			baseConfigurationReference = 11F0019C9BD6278522704391 /* Pods-LottieTest-LottieTestUITests.debug.xcconfig */;
			buildSettings = {
				CODE_SIGN_STYLE = Automatic;
				DEVELOPMENT_TEAM = 7ZQS9U8N6M;
				INFOPLIST_FILE = LottieTestUITests/Info.plist;
				LD_RUNPATH_SEARCH_PATHS = (
					"$(inherited)",
					"@executable_path/Frameworks",
					"@loader_path/Frameworks",
				);
				PRODUCT_BUNDLE_IDENTIFIER = "Ben-s-iOS.LottieTestUITests";
				PRODUCT_NAME = "$(TARGET_NAME)";
				TARGETED_DEVICE_FAMILY = "1,2";
				TEST_TARGET_NAME = LottieTest;
			};
			name = Debug;
		};
		A395A35224A1E9890002D4DC /* Release */ = {
			isa = XCBuildConfiguration;
			baseConfigurationReference = 0DD5A5CFD621C2392529CBB8 /* Pods-LottieTest-LottieTestUITests.release.xcconfig */;
			buildSettings = {
				CODE_SIGN_STYLE = Automatic;
				DEVELOPMENT_TEAM = 7ZQS9U8N6M;
				INFOPLIST_FILE = LottieTestUITests/Info.plist;
				LD_RUNPATH_SEARCH_PATHS = (
					"$(inherited)",
					"@executable_path/Frameworks",
					"@loader_path/Frameworks",
				);
				PRODUCT_BUNDLE_IDENTIFIER = "Ben-s-iOS.LottieTestUITests";
				PRODUCT_NAME = "$(TARGET_NAME)";
				TARGETED_DEVICE_FAMILY = "1,2";
				TEST_TARGET_NAME = LottieTest;
			};
			name = Release;
		};
/* End XCBuildConfiguration section */

/* Begin XCConfigurationList section */
		A395A31624A1E9850002D4DC /* Build configuration list for PBXProject "LottieTest" */ = {
			isa = XCConfigurationList;
			buildConfigurations = (
				A395A34824A1E9890002D4DC /* Debug */,
				A395A34924A1E9890002D4DC /* Release */,
			);
			defaultConfigurationIsVisible = 0;
			defaultConfigurationName = Release;
		};
		A395A34A24A1E9890002D4DC /* Build configuration list for PBXNativeTarget "LottieTest" */ = {
			isa = XCConfigurationList;
			buildConfigurations = (
				A395A34B24A1E9890002D4DC /* Debug */,
				A395A34C24A1E9890002D4DC /* Release */,
			);
			defaultConfigurationIsVisible = 0;
			defaultConfigurationName = Release;
		};
		A395A34D24A1E9890002D4DC /* Build configuration list for PBXNativeTarget "LottieTestTests" */ = {
			isa = XCConfigurationList;
			buildConfigurations = (
				A395A34E24A1E9890002D4DC /* Debug */,
				A395A34F24A1E9890002D4DC /* Release */,
			);
			defaultConfigurationIsVisible = 0;
			defaultConfigurationName = Release;
		};
		A395A35024A1E9890002D4DC /* Build configuration list for PBXNativeTarget "LottieTestUITests" */ = {
			isa = XCConfigurationList;
			buildConfigurations = (
				A395A35124A1E9890002D4DC /* Debug */,
				A395A35224A1E9890002D4DC /* Release */,
			);
			defaultConfigurationIsVisible = 0;
			defaultConfigurationName = Release;
		};
/* End XCConfigurationList section */
	};
	rootObject = A395A31324A1E9850002D4DC /* Project object */;
}
